// !$*UTF8*$!
{
	archiveVersion = 1;
	classes = {
	};
	objectVersion = 55;
	objects = {

/* Begin PBXBuildFile section */
		8407E3AC276A078500B82F27 /* AppDelegate.swift in Sources */ = {isa = PBXBuildFile; fileRef = 8407E3AB276A078500B82F27 /* AppDelegate.swift */; };
		8407E3AE276A078500B82F27 /* SceneDelegate.swift in Sources */ = {isa = PBXBuildFile; fileRef = 8407E3AD276A078500B82F27 /* SceneDelegate.swift */; };
		8407E3B0276A078500B82F27 /* TableViewController.swift in Sources */ = {isa = PBXBuildFile; fileRef = 8407E3AF276A078500B82F27 /* TableViewController.swift */; };
		8407E3B3276A078500B82F27 /* Main.storyboard in Resources */ = {isa = PBXBuildFile; fileRef = 8407E3B1276A078500B82F27 /* Main.storyboard */; };
		8407E3B6276A078500B82F27 /* bucketListCoreData.xcdatamodeld in Sources */ = {isa = PBXBuildFile; fileRef = 8407E3B4276A078500B82F27 /* bucketListCoreData.xcdatamodeld */; };
		8407E3B8276A078600B82F27 /* Assets.xcassets in Resources */ = {isa = PBXBuildFile; fileRef = 8407E3B7276A078600B82F27 /* Assets.xcassets */; };
		8407E3BB276A078600B82F27 /* LaunchScreen.storyboard in Resources */ = {isa = PBXBuildFile; fileRef = 8407E3B9276A078600B82F27 /* LaunchScreen.storyboard */; };
		8407E3C3276A080600B82F27 /* TableViewDelegate.swift in Sources */ = {isa = PBXBuildFile; fileRef = 8407E3C2276A080600B82F27 /* TableViewDelegate.swift */; };
		8407E3C5276A086E00B82F27 /* AddItemViewController.swift in Sources */ = {isa = PBXBuildFile; fileRef = 8407E3C4276A086E00B82F27 /* AddItemViewController.swift */; };
		841BF606276A0DE70005199B /* BucketListItem+CoreDataClass.swift in Sources */ = {isa = PBXBuildFile; fileRef = 841BF604276A0DE70005199B /* BucketListItem+CoreDataClass.swift */; };
		841BF607276A0DE70005199B /* BucketListItem+CoreDataProperties.swift in Sources */ = {isa = PBXBuildFile; fileRef = 841BF605276A0DE70005199B /* BucketListItem+CoreDataProperties.swift */; };
/* End PBXBuildFile section */

/* Begin PBXFileReference section */
		8407E3A8276A078500B82F27 /* bucketListCoreData.app */ = {isa = PBXFileReference; explicitFileType = wrapper.application; includeInIndex = 0; path = bucketListCoreData.app; sourceTree = BUILT_PRODUCTS_DIR; };
		8407E3AB276A078500B82F27 /* AppDelegate.swift */ = {isa = PBXFileReference; lastKnownFileType = sourcecode.swift; path = AppDelegate.swift; sourceTree = "<group>"; };
		8407E3AD276A078500B82F27 /* SceneDelegate.swift */ = {isa = PBXFileReference; lastKnownFileType = sourcecode.swift; path = SceneDelegate.swift; sourceTree = "<group>"; };
		8407E3AF276A078500B82F27 /* TableViewController.swift */ = {isa = PBXFileReference; lastKnownFileType = sourcecode.swift; path = TableViewController.swift; sourceTree = "<group>"; };
		8407E3B2276A078500B82F27 /* Base */ = {isa = PBXFileReference; lastKnownFileType = file.storyboard; name = Base; path = Base.lproj/Main.storyboard; sourceTree = "<group>"; };
		8407E3B5276A078500B82F27 /* bucketListCoreData.xcdatamodel */ = {isa = PBXFileReference; lastKnownFileType = wrapper.xcdatamodel; path = bucketListCoreData.xcdatamodel; sourceTree = "<group>"; };
		8407E3B7276A078600B82F27 /* Assets.xcassets */ = {isa = PBXFileReference; lastKnownFileType = folder.assetcatalog; path = Assets.xcassets; sourceTree = "<group>"; };
		8407E3BA276A078600B82F27 /* Base */ = {isa = PBXFileReference; lastKnownFileType = file.storyboard; name = Base; path = Base.lproj/LaunchScreen.storyboard; sourceTree = "<group>"; };
		8407E3BC276A078600B82F27 /* Info.plist */ = {isa = PBXFileReference; lastKnownFileType = text.plist.xml; path = Info.plist; sourceTree = "<group>"; };
		8407E3C2276A080600B82F27 /* TableViewDelegate.swift */ = {isa = PBXFileReference; lastKnownFileType = sourcecode.swift; path = TableViewDelegate.swift; sourceTree = "<group>"; };
		8407E3C4276A086E00B82F27 /* AddItemViewController.swift */ = {isa = PBXFileReference; lastKnownFileType = sourcecode.swift; path = AddItemViewController.swift; sourceTree = "<group>"; };
		841BF604276A0DE70005199B /* BucketListItem+CoreDataClass.swift */ = {isa = PBXFileReference; lastKnownFileType = sourcecode.swift; path = "BucketListItem+CoreDataClass.swift"; sourceTree = "<group>"; };
		841BF605276A0DE70005199B /* BucketListItem+CoreDataProperties.swift */ = {isa = PBXFileReference; lastKnownFileType = sourcecode.swift; path = "BucketListItem+CoreDataProperties.swift"; sourceTree = "<group>"; };
/* End PBXFileReference section */

/* Begin PBXFrameworksBuildPhase section */
		8407E3A5276A078500B82F27 /* Frameworks */ = {
			isa = PBXFrameworksBuildPhase;
			buildActionMask = 2147483647;
			files = (
			);
			runOnlyForDeploymentPostprocessing = 0;
		};
/* End PBXFrameworksBuildPhase section */

/* Begin PBXGroup section */
		8407E39F276A078500B82F27 = {
			isa = PBXGroup;
			children = (
				841BF604276A0DE70005199B /* BucketListItem+CoreDataClass.swift */,
				841BF605276A0DE70005199B /* BucketListItem+CoreDataProperties.swift */,
				8407E3AA276A078500B82F27 /* bucketListCoreData */,
				8407E3A9276A078500B82F27 /* Products */,
			);
			sourceTree = "<group>";
		};
		8407E3A9276A078500B82F27 /* Products */ = {
			isa = PBXGroup;
			children = (
				8407E3A8276A078500B82F27 /* bucketListCoreData.app */,
			);
			name = Products;
			sourceTree = "<group>";
		};
		8407E3AA276A078500B82F27 /* bucketListCoreData */ = {
			isa = PBXGroup;
			children = (
				8407E3AB276A078500B82F27 /* AppDelegate.swift */,
				8407E3AD276A078500B82F27 /* SceneDelegate.swift */,
				8407E3AF276A078500B82F27 /* TableViewController.swift */,
				8407E3C4276A086E00B82F27 /* AddItemViewController.swift */,
				8407E3C2276A080600B82F27 /* TableViewDelegate.swift */,
				8407E3B1276A078500B82F27 /* Main.storyboard */,
				8407E3B7276A078600B82F27 /* Assets.xcassets */,
				8407E3B9276A078600B82F27 /* LaunchScreen.storyboard */,
				8407E3BC276A078600B82F27 /* Info.plist */,
				8407E3B4276A078500B82F27 /* bucketListCoreData.xcdatamodeld */,
			);
			path = bucketListCoreData;
			sourceTree = "<group>";
		};
/* End PBXGroup section */

/* Begin PBXNativeTarget section */
		8407E3A7276A078500B82F27 /* bucketListCoreData */ = {
			isa = PBXNativeTarget;
			buildConfigurationList = 8407E3BF276A078600B82F27 /* Build configuration list for PBXNativeTarget "bucketListCoreData" */;
			buildPhases = (
				8407E3A4276A078500B82F27 /* Sources */,
				8407E3A5276A078500B82F27 /* Frameworks */,
				8407E3A6276A078500B82F27 /* Resources */,
			);
			buildRules = (
			);
			dependencies = (
			);
			name = bucketListCoreData;
			productName = bucketListCoreData;
			productReference = 8407E3A8276A078500B82F27 /* bucketListCoreData.app */;
			productType = "com.apple.product-type.application";
		};
/* End PBXNativeTarget section */

/* Begin PBXProject section */
		8407E3A0276A078500B82F27 /* Project object */ = {
			isa = PBXProject;
			attributes = {
				BuildIndependentTargetsInParallel = 1;
				LastSwiftUpdateCheck = 1310;
				LastUpgradeCheck = 1310;
				TargetAttributes = {
					8407E3A7276A078500B82F27 = {
						CreatedOnToolsVersion = 13.1;
					};
				};
			};
			buildConfigurationList = 8407E3A3276A078500B82F27 /* Build configuration list for PBXProject "bucketListCoreData" */;
			compatibilityVersion = "Xcode 13.0";
			developmentRegion = en;
			hasScannedForEncodings = 0;
			knownRegions = (
				en,
				Base,
			);
			mainGroup = 8407E39F276A078500B82F27;
			productRefGroup = 8407E3A9276A078500B82F27 /* Products */;
			projectDirPath = "";
			projectRoot = "";
			targets = (
				8407E3A7276A078500B82F27 /* bucketListCoreData */,
			);
		};
/* End PBXProject section */

/* Begin PBXResourcesBuildPhase section */
		8407E3A6276A078500B82F27 /* Resources */ = {
			isa = PBXResourcesBuildPhase;
			buildActionMask = 2147483647;
			files = (
				8407E3BB276A078600B82F27 /* LaunchScreen.storyboard in Resources */,
				8407E3B8276A078600B82F27 /* Assets.xcassets in Resources */,
				8407E3B3276A078500B82F27 /* Main.storyboard in Resources */,
			);
			runOnlyForDeploymentPostprocessing = 0;
		};
/* End PBXResourcesBuildPhase section */

/* Begin PBXSourcesBuildPhase section */
		8407E3A4276A078500B82F27 /* Sources */ = {
			isa = PBXSourcesBuildPhase;
			buildActionMask = 2147483647;
			files = (
				8407E3C3276A080600B82F27 /* TableViewDelegate.swift in Sources */,
				841BF606276A0DE70005199B /* BucketListItem+CoreDataClass.swift in Sources */,
				8407E3B6276A078500B82F27 /* bucketListCoreData.xcdatamodeld in Sources */,
				8407E3B0276A078500B82F27 /* TableViewController.swift in Sources */,
				8407E3AC276A078500B82F27 /* AppDelegate.swift in Sources */,
				8407E3AE276A078500B82F27 /* SceneDelegate.swift in Sources */,
				841BF607276A0DE70005199B /* BucketListItem+CoreDataProperties.swift in Sources */,
				8407E3C5276A086E00B82F27 /* AddItemViewController.swift in Sources */,
			);
			runOnlyForDeploymentPostprocessing = 0;
		};
/* End PBXSourcesBuildPhase section */

/* Begin PBXVariantGroup section */
		8407E3B1276A078500B82F27 /* Main.storyboard */ = {
			isa = PBXVariantGroup;
			children = (
				8407E3B2276A078500B82F27 /* Base */,
			);
			name = Main.storyboard;
			sourceTree = "<group>";
		};
		8407E3B9276A078600B82F27 /* LaunchScreen.storyboard */ = {
			isa = PBXVariantGroup;
			children = (
				8407E3BA276A078600B82F27 /* Base */,
			);
			name = LaunchScreen.storyboard;
			sourceTree = "<group>";
		};
/* End PBXVariantGroup section */

/* Begin XCBuildConfiguration section */
		8407E3BD276A078600B82F27 /* Debug */ = {
			isa = XCBuildConfiguration;
			buildSettings = {
				ALWAYS_SEARCH_USER_PATHS = NO;
				CLANG_ANALYZER_NONNULL = YES;
				CLANG_ANALYZER_NUMBER_OBJECT_CONVERSION = YES_AGGRESSIVE;
				CLANG_CXX_LANGUAGE_STANDARD = "gnu++17";
				CLANG_CXX_LIBRARY = "libc++";
				CLANG_ENABLE_MODULES = YES;
				CLANG_ENABLE_OBJC_ARC = YES;
				CLANG_ENABLE_OBJC_WEAK = YES;
				CLANG_WARN_BLOCK_CAPTURE_AUTORELEASING = YES;
				CLANG_WARN_BOOL_CONVERSION = YES;
				CLANG_WARN_COMMA = YES;
				CLANG_WARN_CONSTANT_CONVERSION = YES;
				CLANG_WARN_DEPRECATED_OBJC_IMPLEMENTATIONS = YES;
				CLANG_WARN_DIRECT_OBJC_ISA_USAGE = YES_ERROR;
				CLANG_WARN_DOCUMENTATION_COMMENTS = YES;
				CLANG_WARN_EMPTY_BODY = YES;
				CLANG_WARN_ENUM_CONVERSION = YES;
				CLANG_WARN_INFINITE_RECURSION = YES;
				CLANG_WARN_INT_CONVERSION = YES;
				CLANG_WARN_NON_LITERAL_NULL_CONVERSION = YES;
				CLANG_WARN_OBJC_IMPLICIT_RETAIN_SELF = YES;
				CLANG_WARN_OBJC_LITERAL_CONVERSION = YES;
				CLANG_WARN_OBJC_ROOT_CLASS = YES_ERROR;
				CLANG_WARN_QUOTED_INCLUDE_IN_FRAMEWORK_HEADER = YES;
				CLANG_WARN_RANGE_LOOP_ANALYSIS = YES;
				CLANG_WARN_STRICT_PROTOTYPES = YES;
				CLANG_WARN_SUSPICIOUS_MOVE = YES;
				CLANG_WARN_UNGUARDED_AVAILABILITY = YES_AGGRESSIVE;
				CLANG_WARN_UNREACHABLE_CODE = YES;
				CLANG_WARN__DUPLICATE_METHOD_MATCH = YES;
				COPY_PHASE_STRIP = NO;
				DEBUG_INFORMATION_FORMAT = dwarf;
				ENABLE_STRICT_OBJC_MSGSEND = YES;
				ENABLE_TESTABILITY = YES;
				GCC_C_LANGUAGE_STANDARD = gnu11;
				GCC_DYNAMIC_NO_PIC = NO;
				GCC_NO_COMMON_BLOCKS = YES;
				GCC_OPTIMIZATION_LEVEL = 0;
				GCC_PREPROCESSOR_DEFINITIONS = (
					"DEBUG=1",
					"$(inherited)",
				);
				GCC_WARN_64_TO_32_BIT_CONVERSION = YES;
				GCC_WARN_ABOUT_RETURN_TYPE = YES_ERROR;
				GCC_WARN_UNDECLARED_SELECTOR = YES;
				GCC_WARN_UNINITIALIZED_AUTOS = YES_AGGRESSIVE;
				GCC_WARN_UNUSED_FUNCTION = YES;
				GCC_WARN_UNUSED_VARIABLE = YES;
				IPHONEOS_DEPLOYMENT_TARGET = 15.0;
				MTL_ENABLE_DEBUG_INFO = INCLUDE_SOURCE;
				MTL_FAST_MATH = YES;
				ONLY_ACTIVE_ARCH = YES;
				SDKROOT = iphoneos;
				SWIFT_ACTIVE_COMPILATION_CONDITIONS = DEBUG;
				SWIFT_OPTIMIZATION_LEVEL = "-Onone";
			};
			name = Debug;
		};
		8407E3BE276A078600B82F27 /* Release */ = {
			isa = XCBuildConfiguration;
			buildSettings = {
				ALWAYS_SEARCH_USER_PATHS = NO;
				CLANG_ANALYZER_NONNULL = YES;
				CLANG_ANALYZER_NUMBER_OBJECT_CONVERSION = YES_AGGRESSIVE;
				CLANG_CXX_LANGUAGE_STANDARD = "gnu++17";
				CLANG_CXX_LIBRARY = "libc++";
				CLANG_ENABLE_MODULES = YES;
				CLANG_ENABLE_OBJC_ARC = YES;
				CLANG_ENABLE_OBJC_WEAK = YES;
				CLANG_WARN_BLOCK_CAPTURE_AUTORELEASING = YES;
				CLANG_WARN_BOOL_CONVERSION = YES;
				CLANG_WARN_COMMA = YES;
				CLANG_WARN_CONSTANT_CONVERSION = YES;
				CLANG_WARN_DEPRECATED_OBJC_IMPLEMENTATIONS = YES;
				CLANG_WARN_DIRECT_OBJC_ISA_USAGE = YES_ERROR;
				CLANG_WARN_DOCUMENTATION_COMMENTS = YES;
				CLANG_WARN_EMPTY_BODY = YES;
				CLANG_WARN_ENUM_CONVERSION = YES;
				CLANG_WARN_INFINITE_RECURSION = YES;
				CLANG_WARN_INT_CONVERSION = YES;
				CLANG_WARN_NON_LITERAL_NULL_CONVERSION = YES;
				CLANG_WARN_OBJC_IMPLICIT_RETAIN_SELF = YES;
				CLANG_WARN_OBJC_LITERAL_CONVERSION = YES;
				CLANG_WARN_OBJC_ROOT_CLASS = YES_ERROR;
				CLANG_WARN_QUOTED_INCLUDE_IN_FRAMEWORK_HEADER = YES;
				CLANG_WARN_RANGE_LOOP_ANALYSIS = YES;
				CLANG_WARN_STRICT_PROTOTYPES = YES;
				CLANG_WARN_SUSPICIOUS_MOVE = YES;
				CLANG_WARN_UNGUARDED_AVAILABILITY = YES_AGGRESSIVE;
				CLANG_WARN_UNREACHABLE_CODE = YES;
				CLANG_WARN__DUPLICATE_METHOD_MATCH = YES;
				COPY_PHASE_STRIP = NO;
				DEBUG_INFORMATION_FORMAT = "dwarf-with-dsym";
				ENABLE_NS_ASSERTIONS = NO;
				ENABLE_STRICT_OBJC_MSGSEND = YES;
				GCC_C_LANGUAGE_STANDARD = gnu11;
				GCC_NO_COMMON_BLOCKS = YES;
				GCC_WARN_64_TO_32_BIT_CONVERSION = YES;
				GCC_WARN_ABOUT_RETURN_TYPE = YES_ERROR;
				GCC_WARN_UNDECLARED_SELECTOR = YES;
				GCC_WARN_UNINITIALIZED_AUTOS = YES_AGGRESSIVE;
				GCC_WARN_UNUSED_FUNCTION = YES;
				GCC_WARN_UNUSED_VARIABLE = YES;
				IPHONEOS_DEPLOYMENT_TARGET = 15.0;
				MTL_ENABLE_DEBUG_INFO = NO;
				MTL_FAST_MATH = YES;
				SDKROOT = iphoneos;
				SWIFT_COMPILATION_MODE = wholemodule;
				SWIFT_OPTIMIZATION_LEVEL = "-O";
				VALIDATE_PRODUCT = YES;
			};
			name = Release;
		};
		8407E3C0276A078600B82F27 /* Debug */ = {
			isa = XCBuildConfiguration;
			buildSettings = {
				ASSETCATALOG_COMPILER_APPICON_NAME = AppIcon;
				ASSETCATALOG_COMPILER_GLOBAL_ACCENT_COLOR_NAME = AccentColor;
				CODE_SIGN_STYLE = Automatic;
				CURRENT_PROJECT_VERSION = 1;
				GENERATE_INFOPLIST_FILE = YES;
				INFOPLIST_FILE = bucketListCoreData/Info.plist;
				INFOPLIST_KEY_UIApplicationSupportsIndirectInputEvents = YES;
				INFOPLIST_KEY_UILaunchStoryboardName = LaunchScreen;
				INFOPLIST_KEY_UIMainStoryboardFile = Main;
				INFOPLIST_KEY_UISupportedInterfaceOrientations = "UIInterfaceOrientationPortrait UIInterfaceOrientationLandscapeLeft UIInterfaceOrientationLandscapeRight";
				INFOPLIST_KEY_UISupportedInterfaceOrientations_iPad = "UIInterfaceOrientationPortrait UIInterfaceOrientationPortraitUpsideDown UIInterfaceOrientationLandscapeLeft UIInterfaceOrientationLandscapeRight";
				INFOPLIST_KEY_UISupportedInterfaceOrientations_iPhone = "UIInterfaceOrientationPortrait UIInterfaceOrientationLandscapeLeft UIInterfaceOrientationLandscapeRight";
				LD_RUNPATH_SEARCH_PATHS = (
					"$(inherited)",
					"@executable_path/Frameworks",
				);
				MARKETING_VERSION = 1.0;
				PRODUCT_BUNDLE_IDENTIFIER = com.ameera.bucketListCoreData;
				PRODUCT_NAME = "$(TARGET_NAME)";
				SWIFT_EMIT_LOC_STRINGS = YES;
				SWIFT_VERSION = 5.0;
				TARGETED_DEVICE_FAMILY = "1,2";
			};
			name = Debug;
		};
		8407E3C1276A078600B82F27 /* Release */ = {
			isa = XCBuildConfiguration;
			buildSettings = {
				ASSETCATALOG_COMPILER_APPICON_NAME = AppIcon;
				ASSETCATALOG_COMPILER_GLOBAL_ACCENT_COLOR_NAME = AccentColor;
				CODE_SIGN_STYLE = Automatic;
				CURRENT_PROJECT_VERSION = 1;
				GENERATE_INFOPLIST_FILE = YES;
				INFOPLIST_FILE = bucketListCoreData/Info.plist;
				INFOPLIST_KEY_UIApplicationSupportsIndirectInputEvents = YES;
				INFOPLIST_KEY_UILaunchStoryboardName = LaunchScreen;
				INFOPLIST_KEY_UIMainStoryboardFile = Main;
				INFOPLIST_KEY_UISupportedInterfaceOrientations = "UIInterfaceOrientationPortrait UIInterfaceOrientationLandscapeLeft UIInterfaceOrientationLandscapeRight";
				INFOPLIST_KEY_UISupportedInterfaceOrientations_iPad = "UIInterfaceOrientationPortrait UIInterfaceOrientationPortraitUpsideDown UIInterfaceOrientationLandscapeLeft UIInterfaceOrientationLandscapeRight";
				INFOPLIST_KEY_UISupportedInterfaceOrientations_iPhone = "UIInterfaceOrientationPortrait UIInterfaceOrientationLandscapeLeft UIInterfaceOrientationLandscapeRight";
				LD_RUNPATH_SEARCH_PATHS = (
					"$(inherited)",
					"@executable_path/Frameworks",
				);
				MARKETING_VERSION = 1.0;
				PRODUCT_BUNDLE_IDENTIFIER = com.ameera.bucketListCoreData;
				PRODUCT_NAME = "$(TARGET_NAME)";
				SWIFT_EMIT_LOC_STRINGS = YES;
				SWIFT_VERSION = 5.0;
				TARGETED_DEVICE_FAMILY = "1,2";
			};
			name = Release;
		};
/* End XCBuildConfiguration section */

/* Begin XCConfigurationList section */
		8407E3A3276A078500B82F27 /* Build configuration list for PBXProject "bucketListCoreData" */ = {
			isa = XCConfigurationList;
			buildConfigurations = (
				8407E3BD276A078600B82F27 /* Debug */,
				8407E3BE276A078600B82F27 /* Release */,
			);
			defaultConfigurationIsVisible = 0;
			defaultConfigurationName = Release;
		};
		8407E3BF276A078600B82F27 /* Build configuration list for PBXNativeTarget "bucketListCoreData" */ = {
			isa = XCConfigurationList;
			buildConfigurations = (
				8407E3C0276A078600B82F27 /* Debug */,
				8407E3C1276A078600B82F27 /* Release */,
			);
			defaultConfigurationIsVisible = 0;
			defaultConfigurationName = Release;
		};
/* End XCConfigurationList section */

/* Begin XCVersionGroup section */
		8407E3B4276A078500B82F27 /* bucketListCoreData.xcdatamodeld */ = {
			isa = XCVersionGroup;
			children = (
				8407E3B5276A078500B82F27 /* bucketListCoreData.xcdatamodel */,
			);
			currentVersion = 8407E3B5276A078500B82F27 /* bucketListCoreData.xcdatamodel */;
			path = bucketListCoreData.xcdatamodeld;
			sourceTree = "<group>";
			versionGroupType = wrapper.xcdatamodel;
		};
/* End XCVersionGroup section */
	};
	rootObject = 8407E3A0276A078500B82F27 /* Project object */;
}
